// !$*UTF8*$!
{
	archiveVersion = 1;
	classes = {
	};
	objectVersion = 55;
	objects = {

/* Begin PBXBuildFile section */
		396D5E7527AA23FA003A90D4 /* AppDelegate.swift in Sources */ = {isa = PBXBuildFile; fileRef = 396D5E7427AA23FA003A90D4 /* AppDelegate.swift */; };
		396D5E7727AA23FA003A90D4 /* SceneDelegate.swift in Sources */ = {isa = PBXBuildFile; fileRef = 396D5E7627AA23FA003A90D4 /* SceneDelegate.swift */; };
		396D5E7927AA23FA003A90D4 /* ViewController.swift in Sources */ = {isa = PBXBuildFile; fileRef = 396D5E7827AA23FA003A90D4 /* ViewController.swift */; };
		396D5E7C27AA23FA003A90D4 /* Main.storyboard in Resources */ = {isa = PBXBuildFile; fileRef = 396D5E7A27AA23FA003A90D4 /* Main.storyboard */; };
		396D5E7E27AA23FB003A90D4 /* Assets.xcassets in Resources */ = {isa = PBXBuildFile; fileRef = 396D5E7D27AA23FB003A90D4 /* Assets.xcassets */; };
		396D5E8127AA23FB003A90D4 /* LaunchScreen.storyboard in Resources */ = {isa = PBXBuildFile; fileRef = 396D5E7F27AA23FB003A90D4 /* LaunchScreen.storyboard */; };
		396D5E8C27AA23FB003A90D4 /* Naidu_FormatNameTests.swift in Sources */ = {isa = PBXBuildFile; fileRef = 396D5E8B27AA23FB003A90D4 /* Naidu_FormatNameTests.swift */; };
		396D5E9627AA23FB003A90D4 /* Naidu_FormatNameUITests.swift in Sources */ = {isa = PBXBuildFile; fileRef = 396D5E9527AA23FB003A90D4 /* Naidu_FormatNameUITests.swift */; };
		396D5E9827AA23FB003A90D4 /* Naidu_FormatNameUITestsLaunchTests.swift in Sources */ = {isa = PBXBuildFile; fileRef = 396D5E9727AA23FB003A90D4 /* Naidu_FormatNameUITestsLaunchTests.swift */; };
/* End PBXBuildFile section */

/* Begin PBXContainerItemProxy section */
		396D5E8827AA23FB003A90D4 /* PBXContainerItemProxy */ = {
			isa = PBXContainerItemProxy;
			containerPortal = 396D5E6927AA23FA003A90D4 /* Project object */;
			proxyType = 1;
			remoteGlobalIDString = 396D5E7027AA23FA003A90D4;
			remoteInfo = Naidu_FormatName;
		};
		396D5E9227AA23FB003A90D4 /* PBXContainerItemProxy */ = {
			isa = PBXContainerItemProxy;
			containerPortal = 396D5E6927AA23FA003A90D4 /* Project object */;
			proxyType = 1;
			remoteGlobalIDString = 396D5E7027AA23FA003A90D4;
			remoteInfo = Naidu_FormatName;
		};
/* End PBXContainerItemProxy section */

/* Begin PBXFileReference section */
		396D5E7127AA23FA003A90D4 /* Naidu_FormatName.app */ = {isa = PBXFileReference; explicitFileType = wrapper.application; includeInIndex = 0; path = Naidu_FormatName.app; sourceTree = BUILT_PRODUCTS_DIR; };
		396D5E7427AA23FA003A90D4 /* AppDelegate.swift */ = {isa = PBXFileReference; lastKnownFileType = sourcecode.swift; path = AppDelegate.swift; sourceTree = "<group>"; };
		396D5E7627AA23FA003A90D4 /* SceneDelegate.swift */ = {isa = PBXFileReference; lastKnownFileType = sourcecode.swift; path = SceneDelegate.swift; sourceTree = "<group>"; };
		396D5E7827AA23FA003A90D4 /* ViewController.swift */ = {isa = PBXFileReference; lastKnownFileType = sourcecode.swift; path = ViewController.swift; sourceTree = "<group>"; };
		396D5E7B27AA23FA003A90D4 /* Base */ = {isa = PBXFileReference; lastKnownFileType = file.storyboard; name = Base; path = Base.lproj/Main.storyboard; sourceTree = "<group>"; };
		396D5E7D27AA23FB003A90D4 /* Assets.xcassets */ = {isa = PBXFileReference; lastKnownFileType = folder.assetcatalog; path = Assets.xcassets; sourceTree = "<group>"; };
		396D5E8027AA23FB003A90D4 /* Base */ = {isa = PBXFileReference; lastKnownFileType = file.storyboard; name = Base; path = Base.lproj/LaunchScreen.storyboard; sourceTree = "<group>"; };
		396D5E8227AA23FB003A90D4 /* Info.plist */ = {isa = PBXFileReference; lastKnownFileType = text.plist.xml; path = Info.plist; sourceTree = "<group>"; };
		396D5E8727AA23FB003A90D4 /* Naidu_FormatNameTests.xctest */ = {isa = PBXFileReference; explicitFileType = wrapper.cfbundle; includeInIndex = 0; path = Naidu_FormatNameTests.xctest; sourceTree = BUILT_PRODUCTS_DIR; };
		396D5E8B27AA23FB003A90D4 /* Naidu_FormatNameTests.swift */ = {isa = PBXFileReference; lastKnownFileType = sourcecode.swift; path = Naidu_FormatNameTests.swift; sourceTree = "<group>"; };
		396D5E9127AA23FB003A90D4 /* Naidu_FormatNameUITests.xctest */ = {isa = PBXFileReference; explicitFileType = wrapper.cfbundle; includeInIndex = 0; path = Naidu_FormatNameUITests.xctest; sourceTree = BUILT_PRODUCTS_DIR; };
		396D5E9527AA23FB003A90D4 /* Naidu_FormatNameUITests.swift */ = {isa = PBXFileReference; lastKnownFileType = sourcecode.swift; path = Naidu_FormatNameUITests.swift; sourceTree = "<group>"; };
		396D5E9727AA23FB003A90D4 /* Naidu_FormatNameUITestsLaunchTests.swift */ = {isa = PBXFileReference; lastKnownFileType = sourcecode.swift; path = Naidu_FormatNameUITestsLaunchTests.swift; sourceTree = "<group>"; };
/* End PBXFileReference section */

/* Begin PBXFrameworksBuildPhase section */
		396D5E6E27AA23FA003A90D4 /* Frameworks */ = {
			isa = PBXFrameworksBuildPhase;
			buildActionMask = 2147483647;
			files = (
			);
			runOnlyForDeploymentPostprocessing = 0;
		};
		396D5E8427AA23FB003A90D4 /* Frameworks */ = {
			isa = PBXFrameworksBuildPhase;
			buildActionMask = 2147483647;
			files = (
			);
			runOnlyForDeploymentPostprocessing = 0;
		};
		396D5E8E27AA23FB003A90D4 /* Frameworks */ = {
			isa = PBXFrameworksBuildPhase;
			buildActionMask = 2147483647;
			files = (
			);
			runOnlyForDeploymentPostprocessing = 0;
		};
/* End PBXFrameworksBuildPhase section */

/* Begin PBXGroup section */
		396D5E6827AA23FA003A90D4 = {
			isa = PBXGroup;
			children = (
				396D5E7327AA23FA003A90D4 /* Naidu_FormatName */,
				396D5E8A27AA23FB003A90D4 /* Naidu_FormatNameTests */,
				396D5E9427AA23FB003A90D4 /* Naidu_FormatNameUITests */,
				396D5E7227AA23FA003A90D4 /* Products */,
			);
			sourceTree = "<group>";
		};
		396D5E7227AA23FA003A90D4 /* Products */ = {
			isa = PBXGroup;
			children = (
				396D5E7127AA23FA003A90D4 /* Naidu_FormatName.app */,
				396D5E8727AA23FB003A90D4 /* Naidu_FormatNameTests.xctest */,
				396D5E9127AA23FB003A90D4 /* Naidu_FormatNameUITests.xctest */,
			);
			name = Products;
			sourceTree = "<group>";
		};
		396D5E7327AA23FA003A90D4 /* Naidu_FormatName */ = {
			isa = PBXGroup;
			children = (
				396D5E7427AA23FA003A90D4 /* AppDelegate.swift */,
				396D5E7627AA23FA003A90D4 /* SceneDelegate.swift */,
				396D5E7827AA23FA003A90D4 /* ViewController.swift */,
				396D5E7A27AA23FA003A90D4 /* Main.storyboard */,
				396D5E7D27AA23FB003A90D4 /* Assets.xcassets */,
				396D5E7F27AA23FB003A90D4 /* LaunchScreen.storyboard */,
				396D5E8227AA23FB003A90D4 /* Info.plist */,
			);
			path = Naidu_FormatName;
			sourceTree = "<group>";
		};
		396D5E8A27AA23FB003A90D4 /* Naidu_FormatNameTests */ = {
			isa = PBXGroup;
			children = (
				396D5E8B27AA23FB003A90D4 /* Naidu_FormatNameTests.swift */,
			);
			path = Naidu_FormatNameTests;
			sourceTree = "<group>";
		};
		396D5E9427AA23FB003A90D4 /* Naidu_FormatNameUITests */ = {
			isa = PBXGroup;
			children = (
				396D5E9527AA23FB003A90D4 /* Naidu_FormatNameUITests.swift */,
				396D5E9727AA23FB003A90D4 /* Naidu_FormatNameUITestsLaunchTests.swift */,
			);
			path = Naidu_FormatNameUITests;
			sourceTree = "<group>";
		};
/* End PBXGroup section */

/* Begin PBXNativeTarget section */
		396D5E7027AA23FA003A90D4 /* Naidu_FormatName */ = {
			isa = PBXNativeTarget;
			buildConfigurationList = 396D5E9B27AA23FB003A90D4 /* Build configuration list for PBXNativeTarget "Naidu_FormatName" */;
			buildPhases = (
				396D5E6D27AA23FA003A90D4 /* Sources */,
				396D5E6E27AA23FA003A90D4 /* Frameworks */,
				396D5E6F27AA23FA003A90D4 /* Resources */,
			);
			buildRules = (
			);
			dependencies = (
			);
			name = Naidu_FormatName;
			productName = Naidu_FormatName;
			productReference = 396D5E7127AA23FA003A90D4 /* Naidu_FormatName.app */;
			productType = "com.apple.product-type.application";
		};
		396D5E8627AA23FB003A90D4 /* Naidu_FormatNameTests */ = {
			isa = PBXNativeTarget;
			buildConfigurationList = 396D5E9E27AA23FB003A90D4 /* Build configuration list for PBXNativeTarget "Naidu_FormatNameTests" */;
			buildPhases = (
				396D5E8327AA23FB003A90D4 /* Sources */,
				396D5E8427AA23FB003A90D4 /* Frameworks */,
				396D5E8527AA23FB003A90D4 /* Resources */,
			);
			buildRules = (
			);
			dependencies = (
				396D5E8927AA23FB003A90D4 /* PBXTargetDependency */,
			);
			name = Naidu_FormatNameTests;
			productName = Naidu_FormatNameTests;
			productReference = 396D5E8727AA23FB003A90D4 /* Naidu_FormatNameTests.xctest */;
			productType = "com.apple.product-type.bundle.unit-test";
		};
		396D5E9027AA23FB003A90D4 /* Naidu_FormatNameUITests */ = {
			isa = PBXNativeTarget;
			buildConfigurationList = 396D5EA127AA23FB003A90D4 /* Build configuration list for PBXNativeTarget "Naidu_FormatNameUITests" */;
			buildPhases = (
				396D5E8D27AA23FB003A90D4 /* Sources */,
				396D5E8E27AA23FB003A90D4 /* Frameworks */,
				396D5E8F27AA23FB003A90D4 /* Resources */,
			);
			buildRules = (
			);
			dependencies = (
				396D5E9327AA23FB003A90D4 /* PBXTargetDependency */,
			);
			name = Naidu_FormatNameUITests;
			productName = Naidu_FormatNameUITests;
			productReference = 396D5E9127AA23FB003A90D4 /* Naidu_FormatNameUITests.xctest */;
			productType = "com.apple.product-type.bundle.ui-testing";
		};
/* End PBXNativeTarget section */

/* Begin PBXProject section */
		396D5E6927AA23FA003A90D4 /* Project object */ = {
			isa = PBXProject;
			attributes = {
				BuildIndependentTargetsInParallel = 1;
				LastSwiftUpdateCheck = 1320;
				LastUpgradeCheck = 1320;
				TargetAttributes = {
					396D5E7027AA23FA003A90D4 = {
						CreatedOnToolsVersion = 13.2.1;
					};
					396D5E8627AA23FB003A90D4 = {
						CreatedOnToolsVersion = 13.2.1;
						TestTargetID = 396D5E7027AA23FA003A90D4;
					};
					396D5E9027AA23FB003A90D4 = {
						CreatedOnToolsVersion = 13.2.1;
						TestTargetID = 396D5E7027AA23FA003A90D4;
					};
				};
			};
			buildConfigurationList = 396D5E6C27AA23FA003A90D4 /* Build configuration list for PBXProject "Naidu_FormatName" */;
			compatibilityVersion = "Xcode 13.0";
			developmentRegion = en;
			hasScannedForEncodings = 0;
			knownRegions = (
				en,
				Base,
			);
			mainGroup = 396D5E6827AA23FA003A90D4;
			productRefGroup = 396D5E7227AA23FA003A90D4 /* Products */;
			projectDirPath = "";
			projectRoot = "";
			targets = (
				396D5E7027AA23FA003A90D4 /* Naidu_FormatName */,
				396D5E8627AA23FB003A90D4 /* Naidu_FormatNameTests */,
				396D5E9027AA23FB003A90D4 /* Naidu_FormatNameUITests */,
			);
		};
/* End PBXProject section */

/* Begin PBXResourcesBuildPhase section */
		396D5E6F27AA23FA003A90D4 /* Resources */ = {
			isa = PBXResourcesBuildPhase;
			buildActionMask = 2147483647;
			files = (
				396D5E8127AA23FB003A90D4 /* LaunchScreen.storyboard in Resources */,
				396D5E7E27AA23FB003A90D4 /* Assets.xcassets in Resources */,
				396D5E7C27AA23FA003A90D4 /* Main.storyboard in Resources */,
			);
			runOnlyForDeploymentPostprocessing = 0;
		};
		396D5E8527AA23FB003A90D4 /* Resources */ = {
			isa = PBXResourcesBuildPhase;
			buildActionMask = 2147483647;
			files = (
			);
			runOnlyForDeploymentPostprocessing = 0;
		};
		396D5E8F27AA23FB003A90D4 /* Resources */ = {
			isa = PBXResourcesBuildPhase;
			buildActionMask = 2147483647;
			files = (
			);
			runOnlyForDeploymentPostprocessing = 0;
		};
/* End PBXResourcesBuildPhase section */

/* Begin PBXSourcesBuildPhase section */
		396D5E6D27AA23FA003A90D4 /* Sources */ = {
			isa = PBXSourcesBuildPhase;
			buildActionMask = 2147483647;
			files = (
				396D5E7927AA23FA003A90D4 /* ViewController.swift in Sources */,
				396D5E7527AA23FA003A90D4 /* AppDelegate.swift in Sources */,
				396D5E7727AA23FA003A90D4 /* SceneDelegate.swift in Sources */,
			);
			runOnlyForDeploymentPostprocessing = 0;
		};
		396D5E8327AA23FB003A90D4 /* Sources */ = {
			isa = PBXSourcesBuildPhase;
			buildActionMask = 2147483647;
			files = (
				396D5E8C27AA23FB003A90D4 /* Naidu_FormatNameTests.swift in Sources */,
			);
			runOnlyForDeploymentPostprocessing = 0;
		};
		396D5E8D27AA23FB003A90D4 /* Sources */ = {
			isa = PBXSourcesBuildPhase;
			buildActionMask = 2147483647;
			files = (
				396D5E9827AA23FB003A90D4 /* Naidu_FormatNameUITestsLaunchTests.swift in Sources */,
				396D5E9627AA23FB003A90D4 /* Naidu_FormatNameUITests.swift in Sources */,
			);
			runOnlyForDeploymentPostprocessing = 0;
		};
/* End PBXSourcesBuildPhase section */

/* Begin PBXTargetDependency section */
		396D5E8927AA23FB003A90D4 /* PBXTargetDependency */ = {
			isa = PBXTargetDependency;
			target = 396D5E7027AA23FA003A90D4 /* Naidu_FormatName */;
			targetProxy = 396D5E8827AA23FB003A90D4 /* PBXContainerItemProxy */;
		};
		396D5E9327AA23FB003A90D4 /* PBXTargetDependency */ = {
			isa = PBXTargetDependency;
			target = 396D5E7027AA23FA003A90D4 /* Naidu_FormatName */;
			targetProxy = 396D5E9227AA23FB003A90D4 /* PBXContainerItemProxy */;
		};
/* End PBXTargetDependency section */

/* Begin PBXVariantGroup section */
		396D5E7A27AA23FA003A90D4 /* Main.storyboard */ = {
			isa = PBXVariantGroup;
			children = (
				396D5E7B27AA23FA003A90D4 /* Base */,
			);
			name = Main.storyboard;
			sourceTree = "<group>";
		};
		396D5E7F27AA23FB003A90D4 /* LaunchScreen.storyboard */ = {
			isa = PBXVariantGroup;
			children = (
				396D5E8027AA23FB003A90D4 /* Base */,
			);
			name = LaunchScreen.storyboard;
			sourceTree = "<group>";
		};
/* End PBXVariantGroup section */

/* Begin XCBuildConfiguration section */
		396D5E9927AA23FB003A90D4 /* Debug */ = {
			isa = XCBuildConfiguration;
			buildSettings = {
				ALWAYS_SEARCH_USER_PATHS = NO;
				CLANG_ANALYZER_NONNULL = YES;
				CLANG_ANALYZER_NUMBER_OBJECT_CONVERSION = YES_AGGRESSIVE;
				CLANG_CXX_LANGUAGE_STANDARD = "gnu++17";
				CLANG_CXX_LIBRARY = "libc++";
				CLANG_ENABLE_MODULES = YES;
				CLANG_ENABLE_OBJC_ARC = YES;
				CLANG_ENABLE_OBJC_WEAK = YES;
				CLANG_WARN_BLOCK_CAPTURE_AUTORELEASING = YES;
				CLANG_WARN_BOOL_CONVERSION = YES;
				CLANG_WARN_COMMA = YES;
				CLANG_WARN_CONSTANT_CONVERSION = YES;
				CLANG_WARN_DEPRECATED_OBJC_IMPLEMENTATIONS = YES;
				CLANG_WARN_DIRECT_OBJC_ISA_USAGE = YES_ERROR;
				CLANG_WARN_DOCUMENTATION_COMMENTS = YES;
				CLANG_WARN_EMPTY_BODY = YES;
				CLANG_WARN_ENUM_CONVERSION = YES;
				CLANG_WARN_INFINITE_RECURSION = YES;
				CLANG_WARN_INT_CONVERSION = YES;
				CLANG_WARN_NON_LITERAL_NULL_CONVERSION = YES;
				CLANG_WARN_OBJC_IMPLICIT_RETAIN_SELF = YES;
				CLANG_WARN_OBJC_LITERAL_CONVERSION = YES;
				CLANG_WARN_OBJC_ROOT_CLASS = YES_ERROR;
				CLANG_WARN_QUOTED_INCLUDE_IN_FRAMEWORK_HEADER = YES;
				CLANG_WARN_RANGE_LOOP_ANALYSIS = YES;
				CLANG_WARN_STRICT_PROTOTYPES = YES;
				CLANG_WARN_SUSPICIOUS_MOVE = YES;
				CLANG_WARN_UNGUARDED_AVAILABILITY = YES_AGGRESSIVE;
				CLANG_WARN_UNREACHABLE_CODE = YES;
				CLANG_WARN__DUPLICATE_METHOD_MATCH = YES;
				COPY_PHASE_STRIP = NO;
				DEBUG_INFORMATION_FORMAT = dwarf;
				ENABLE_STRICT_OBJC_MSGSEND = YES;
				ENABLE_TESTABILITY = YES;
				GCC_C_LANGUAGE_STANDARD = gnu11;
				GCC_DYNAMIC_NO_PIC = NO;
				GCC_NO_COMMON_BLOCKS = YES;
				GCC_OPTIMIZATION_LEVEL = 0;
				GCC_PREPROCESSOR_DEFINITIONS = (
					"DEBUG=1",
					"$(inherited)",
				);
				GCC_WARN_64_TO_32_BIT_CONVERSION = YES;
				GCC_WARN_ABOUT_RETURN_TYPE = YES_ERROR;
				GCC_WARN_UNDECLARED_SELECTOR = YES;
				GCC_WARN_UNINITIALIZED_AUTOS = YES_AGGRESSIVE;
				GCC_WARN_UNUSED_FUNCTION = YES;
				GCC_WARN_UNUSED_VARIABLE = YES;
				IPHONEOS_DEPLOYMENT_TARGET = 15.2;
				MTL_ENABLE_DEBUG_INFO = INCLUDE_SOURCE;
				MTL_FAST_MATH = YES;
				ONLY_ACTIVE_ARCH = YES;
				SDKROOT = iphoneos;
				SWIFT_ACTIVE_COMPILATION_CONDITIONS = DEBUG;
				SWIFT_OPTIMIZATION_LEVEL = "-Onone";
			};
			name = Debug;
		};
		396D5E9A27AA23FB003A90D4 /* Release */ = {
			isa = XCBuildConfiguration;
			buildSettings = {
				ALWAYS_SEARCH_USER_PATHS = NO;
				CLANG_ANALYZER_NONNULL = YES;
				CLANG_ANALYZER_NUMBER_OBJECT_CONVERSION = YES_AGGRESSIVE;
				CLANG_CXX_LANGUAGE_STANDARD = "gnu++17";
				CLANG_CXX_LIBRARY = "libc++";
				CLANG_ENABLE_MODULES = YES;
				CLANG_ENABLE_OBJC_ARC = YES;
				CLANG_ENABLE_OBJC_WEAK = YES;
				CLANG_WARN_BLOCK_CAPTURE_AUTORELEASING = YES;
				CLANG_WARN_BOOL_CONVERSION = YES;
				CLANG_WARN_COMMA = YES;
				CLANG_WARN_CONSTANT_CONVERSION = YES;
				CLANG_WARN_DEPRECATED_OBJC_IMPLEMENTATIONS = YES;
				CLANG_WARN_DIRECT_OBJC_ISA_USAGE = YES_ERROR;
				CLANG_WARN_DOCUMENTATION_COMMENTS = YES;
				CLANG_WARN_EMPTY_BODY = YES;
				CLANG_WARN_ENUM_CONVERSION = YES;
				CLANG_WARN_INFINITE_RECURSION = YES;
				CLANG_WARN_INT_CONVERSION = YES;
				CLANG_WARN_NON_LITERAL_NULL_CONVERSION = YES;
				CLANG_WARN_OBJC_IMPLICIT_RETAIN_SELF = YES;
				CLANG_WARN_OBJC_LITERAL_CONVERSION = YES;
				CLANG_WARN_OBJC_ROOT_CLASS = YES_ERROR;
				CLANG_WARN_QUOTED_INCLUDE_IN_FRAMEWORK_HEADER = YES;
				CLANG_WARN_RANGE_LOOP_ANALYSIS = YES;
				CLANG_WARN_STRICT_PROTOTYPES = YES;
				CLANG_WARN_SUSPICIOUS_MOVE = YES;
				CLANG_WARN_UNGUARDED_AVAILABILITY = YES_AGGRESSIVE;
				CLANG_WARN_UNREACHABLE_CODE = YES;
				CLANG_WARN__DUPLICATE_METHOD_MATCH = YES;
				COPY_PHASE_STRIP = NO;
				DEBUG_INFORMATION_FORMAT = "dwarf-with-dsym";
				ENABLE_NS_ASSERTIONS = NO;
				ENABLE_STRICT_OBJC_MSGSEND = YES;
				GCC_C_LANGUAGE_STANDARD = gnu11;
				GCC_NO_COMMON_BLOCKS = YES;
				GCC_WARN_64_TO_32_BIT_CONVERSION = YES;
				GCC_WARN_ABOUT_RETURN_TYPE = YES_ERROR;
				GCC_WARN_UNDECLARED_SELECTOR = YES;
				GCC_WARN_UNINITIALIZED_AUTOS = YES_AGGRESSIVE;
				GCC_WARN_UNUSED_FUNCTION = YES;
				GCC_WARN_UNUSED_VARIABLE = YES;
				IPHONEOS_DEPLOYMENT_TARGET = 15.2;
				MTL_ENABLE_DEBUG_INFO = NO;
				MTL_FAST_MATH = YES;
				SDKROOT = iphoneos;
				SWIFT_COMPILATION_MODE = wholemodule;
				SWIFT_OPTIMIZATION_LEVEL = "-O";
				VALIDATE_PRODUCT = YES;
			};
			name = Release;
		};
		396D5E9C27AA23FB003A90D4 /* Debug */ = {
			isa = XCBuildConfiguration;
			buildSettings = {
				ASSETCATALOG_COMPILER_APPICON_NAME = AppIcon;
				ASSETCATALOG_COMPILER_GLOBAL_ACCENT_COLOR_NAME = AccentColor;
				CODE_SIGN_STYLE = Automatic;
				CURRENT_PROJECT_VERSION = 1;
				GENERATE_INFOPLIST_FILE = YES;
				INFOPLIST_FILE = Naidu_FormatName/Info.plist;
				INFOPLIST_KEY_UIApplicationSupportsIndirectInputEvents = YES;
				INFOPLIST_KEY_UILaunchStoryboardName = LaunchScreen;
				INFOPLIST_KEY_UIMainStoryboardFile = Main;
				INFOPLIST_KEY_UISupportedInterfaceOrientations_iPad = "UIInterfaceOrientationPortrait UIInterfaceOrientationPortraitUpsideDown UIInterfaceOrientationLandscapeLeft UIInterfaceOrientationLandscapeRight";
				INFOPLIST_KEY_UISupportedInterfaceOrientations_iPhone = "UIInterfaceOrientationPortrait UIInterfaceOrientationLandscapeLeft UIInterfaceOrientationLandscapeRight";
				LD_RUNPATH_SEARCH_PATHS = (
					"$(inherited)",
					"@executable_path/Frameworks",
				);
				MARKETING_VERSION = 1.0;
				PRODUCT_BUNDLE_IDENTIFIER = "nwmsu.Naidu-FormatName";
				PRODUCT_NAME = "$(TARGET_NAME)";
				SWIFT_EMIT_LOC_STRINGS = YES;
				SWIFT_VERSION = 5.0;
				TARGETED_DEVICE_FAMILY = "1,2";
			};
			name = Debug;
		};
		396D5E9D27AA23FB003A90D4 /* Release */ = {
			isa = XCBuildConfiguration;
			buildSettings = {
				ASSETCATALOG_COMPILER_APPICON_NAME = AppIcon;
				ASSETCATALOG_COMPILER_GLOBAL_ACCENT_COLOR_NAME = AccentColor;
				CODE_SIGN_STYLE = Automatic;
				CURRENT_PROJECT_VERSION = 1;
				GENERATE_INFOPLIST_FILE = YES;
				INFOPLIST_FILE = Naidu_FormatName/Info.plist;
				INFOPLIST_KEY_UIApplicationSupportsIndirectInputEvents = YES;
				INFOPLIST_KEY_UILaunchStoryboardName = LaunchScreen;
				INFOPLIST_KEY_UIMainStoryboardFile = Main;
				INFOPLIST_KEY_UISupportedInterfaceOrientations_iPad = "UIInterfaceOrientationPortrait UIInterfaceOrientationPortraitUpsideDown UIInterfaceOrientationLandscapeLeft UIInterfaceOrientationLandscapeRight";
				INFOPLIST_KEY_UISupportedInterfaceOrientations_iPhone = "UIInterfaceOrientationPortrait UIInterfaceOrientationLandscapeLeft UIInterfaceOrientationLandscapeRight";
				LD_RUNPATH_SEARCH_PATHS = (
					"$(inherited)",
					"@executable_path/Frameworks",
				);
				MARKETING_VERSION = 1.0;
				PRODUCT_BUNDLE_IDENTIFIER = "nwmsu.Naidu-FormatName";
				PRODUCT_NAME = "$(TARGET_NAME)";
				SWIFT_EMIT_LOC_STRINGS = YES;
				SWIFT_VERSION = 5.0;
				TARGETED_DEVICE_FAMILY = "1,2";
			};
			name = Release;
		};
		396D5E9F27AA23FB003A90D4 /* Debug */ = {
			isa = XCBuildConfiguration;
			buildSettings = {
				ALWAYS_EMBED_SWIFT_STANDARD_LIBRARIES = YES;
				BUNDLE_LOADER = "$(TEST_HOST)";
				CODE_SIGN_STYLE = Automatic;
				CURRENT_PROJECT_VERSION = 1;
				GENERATE_INFOPLIST_FILE = YES;
				IPHONEOS_DEPLOYMENT_TARGET = 15.2;
				MARKETING_VERSION = 1.0;
				PRODUCT_BUNDLE_IDENTIFIER = "nwmsu.Naidu-FormatNameTests";
				PRODUCT_NAME = "$(TARGET_NAME)";
				SWIFT_EMIT_LOC_STRINGS = NO;
				SWIFT_VERSION = 5.0;
				TARGETED_DEVICE_FAMILY = "1,2";
				TEST_HOST = "$(BUILT_PRODUCTS_DIR)/Naidu_FormatName.app/Naidu_FormatName";
			};
			name = Debug;
		};
		396D5EA027AA23FB003A90D4 /* Release */ = {
			isa = XCBuildConfiguration;
			buildSettings = {
				ALWAYS_EMBED_SWIFT_STANDARD_LIBRARIES = YES;
				BUNDLE_LOADER = "$(TEST_HOST)";
				CODE_SIGN_STYLE = Automatic;
				CURRENT_PROJECT_VERSION = 1;
				GENERATE_INFOPLIST_FILE = YES;
				IPHONEOS_DEPLOYMENT_TARGET = 15.2;
				MARKETING_VERSION = 1.0;
				PRODUCT_BUNDLE_IDENTIFIER = "nwmsu.Naidu-FormatNameTests";
				PRODUCT_NAME = "$(TARGET_NAME)";
				SWIFT_EMIT_LOC_STRINGS = NO;
				SWIFT_VERSION = 5.0;
				TARGETED_DEVICE_FAMILY = "1,2";
				TEST_HOST = "$(BUILT_PRODUCTS_DIR)/Naidu_FormatName.app/Naidu_FormatName";
			};
			name = Release;
		};
		396D5EA227AA23FB003A90D4 /* Debug */ = {
			isa = XCBuildConfiguration;
			buildSettings = {
				ALWAYS_EMBED_SWIFT_STANDARD_LIBRARIES = YES;
				CODE_SIGN_STYLE = Automatic;
				CURRENT_PROJECT_VERSION = 1;
				GENERATE_INFOPLIST_FILE = YES;
				MARKETING_VERSION = 1.0;
				PRODUCT_BUNDLE_IDENTIFIER = "nwmsu.Naidu-FormatNameUITests";
				PRODUCT_NAME = "$(TARGET_NAME)";
				SWIFT_EMIT_LOC_STRINGS = NO;
				SWIFT_VERSION = 5.0;
				TARGETED_DEVICE_FAMILY = "1,2";
				TEST_TARGET_NAME = Naidu_FormatName;
			};
			name = Debug;
		};
		396D5EA327AA23FB003A90D4 /* Release */ = {
			isa = XCBuildConfiguration;
			buildSettings = {
				ALWAYS_EMBED_SWIFT_STANDARD_LIBRARIES = YES;
				CODE_SIGN_STYLE = Automatic;
				CURRENT_PROJECT_VERSION = 1;
				GENERATE_INFOPLIST_FILE = YES;
				MARKETING_VERSION = 1.0;
				PRODUCT_BUNDLE_IDENTIFIER = "nwmsu.Naidu-FormatNameUITests";
				PRODUCT_NAME = "$(TARGET_NAME)";
				SWIFT_EMIT_LOC_STRINGS = NO;
				SWIFT_VERSION = 5.0;
				TARGETED_DEVICE_FAMILY = "1,2";
				TEST_TARGET_NAME = Naidu_FormatName;
			};
			name = Release;
		};
/* End XCBuildConfiguration section */

/* Begin XCConfigurationList section */
		396D5E6C27AA23FA003A90D4 /* Build configuration list for PBXProject "Naidu_FormatName" */ = {
			isa = XCConfigurationList;
			buildConfigurations = (
				396D5E9927AA23FB003A90D4 /* Debug */,
				396D5E9A27AA23FB003A90D4 /* Release */,
			);
			defaultConfigurationIsVisible = 0;
			defaultConfigurationName = Release;
		};
		396D5E9B27AA23FB003A90D4 /* Build configuration list for PBXNativeTarget "Naidu_FormatName" */ = {
			isa = XCConfigurationList;
			buildConfigurations = (
				396D5E9C27AA23FB003A90D4 /* Debug */,
				396D5E9D27AA23FB003A90D4 /* Release */,
			);
			defaultConfigurationIsVisible = 0;
			defaultConfigurationName = Release;
		};
		396D5E9E27AA23FB003A90D4 /* Build configuration list for PBXNativeTarget "Naidu_FormatNameTests" */ = {
			isa = XCConfigurationList;
			buildConfigurations = (
				396D5E9F27AA23FB003A90D4 /* Debug */,
				396D5EA027AA23FB003A90D4 /* Release */,
			);
			defaultConfigurationIsVisible = 0;
			defaultConfigurationName = Release;
		};
		396D5EA127AA23FB003A90D4 /* Build configuration list for PBXNativeTarget "Naidu_FormatNameUITests" */ = {
			isa = XCConfigurationList;
			buildConfigurations = (
				396D5EA227AA23FB003A90D4 /* Debug */,
				396D5EA327AA23FB003A90D4 /* Release */,
			);
			defaultConfigurationIsVisible = 0;
			defaultConfigurationName = Release;
		};
/* End XCConfigurationList section */
	};
	rootObject = 396D5E6927AA23FA003A90D4 /* Project object */;
}
